{
  "object": {
    "pins": [
      {
        "package": "MetalPetal",
        "repositoryURL": "https://github.com/MetalPetal/MetalPetal",
        "state": {
          "branch": null,
          "revision": "bdb515635033288b9d8f13aeab4e5343894f7aa9",
          "version": "1.24.2"
        }
      }
    ]
  },
  "version": 1
}
