PODS:
  - MetalPetal/Core (1.21.1)
  - MetalPetal/Swift (1.21.1):
    - MetalPetal/Core
  - MTTransitions (1.6.4):
    - MetalPetal/Swift (~> 1.16)

DEPENDENCIES:
  - MTTransitions (from `.`)

SPEC REPOS:
  trunk:
    - MetalPetal

EXTERNAL SOURCES:
  MTTransitions:
    :path: "."

SPEC CHECKSUMS:
  MetalPetal: a1f583877aadaa4740a7630df609786e1b55dec5
  MTTransitions: e4e7ae81134ed022333dcb3ca00cb187104071eb

PODFILE CHECKSUM: de4cf4dca22725e79c1e1a47dd9f81f72ce78dfa

COCOAPODS: 1.10.1
