PODS:
  - MetalPetal/Core (1.17.0)
  - MetalPetal/Swift (1.17.0):
    - MetalPetal/Core
  - MTTransitions (1.6.3):
    - MetalPetal/Swift (~> 1.16)

DEPENDENCIES:
  - MTTransitions (from `.`)

SPEC REPOS:
  trunk:
    - MetalPetal

EXTERNAL SOURCES:
  MTTransitions:
    :path: "."

SPEC CHECKSUMS:
  MetalPetal: 756a8ef27174dc0da69f3b78c914bbd207cf0aec
  MTTransitions: fe4c1b2efe174b915efb0a522c06fcc5c27afe50

PODFILE CHECKSUM: de4cf4dca22725e79c1e1a47dd9f81f72ce78dfa

COCOAPODS: 1.10.1
