PODS:
  - MetalPetal/Core (1.16.0)
  - MetalPetal/Swift (1.16.0):
    - MetalPetal/Core
  - MTTransitions (1.6.2):
    - MetalPetal/Swift (~> 1.16)

DEPENDENCIES:
  - MTTransitions (from `.`)

SPEC REPOS:
  trunk:
    - MetalPetal

EXTERNAL SOURCES:
  MTTransitions:
    :path: "."

SPEC CHECKSUMS:
  MetalPetal: 47d6e019c35a4ae388d85d8d904c82aaa5a15fe2
  MTTransitions: 9a84d617f0fe6e4dcc24247d9ac70f3720879dde

PODFILE CHECKSUM: de4cf4dca22725e79c1e1a47dd9f81f72ce78dfa

COCOAPODS: 1.10.1
